
Microsoft Visual Studio Solution File, Format Version 12.00
# Visual Studio Version 17
VisualStudioVersion = 17.8.34316.72
MinimumVisualStudioVersion = 10.0.40219.1
Project("{FAE04EC0-301F-11D3-BF4B-00C04F79EFBC}") = "WinFormsApp1", "WinFormsApp1\WinFormsApp1.csproj", "{9B83A4DF-EC0D-4664-9B7F-154FE770F90D}"
EndProject
Global
	GlobalSection(SolutionConfigurationPlatforms) = preSolution
		Debug|Any CPU = Debug|Any CPU
		Release|Any CPU = Release|Any CPU
	EndGlobalSection
	GlobalSection(ProjectConfigurationPlatforms) = postSolution
		{9B83A4DF-EC0D-4664-9B7F-154FE770F90D}.Debug|Any CPU.ActiveCfg = Debug|Any CPU
		{9B83A4DF-EC0D-4664-9B7F-154FE770F90D}.Debug|Any CPU.Build.0 = Debug|Any CPU
		{9B83A4DF-EC0D-4664-9B7F-154FE770F90D}.Release|Any CPU.ActiveCfg = Release|Any CPU
		{9B83A4DF-EC0D-4664-9B7F-154FE770F90D}.Release|Any CPU.Build.0 = Release|Any CPU
	EndGlobalSection
	GlobalSection(SolutionProperties) = preSolution
		HideSolutionNode = FALSE
	EndGlobalSection
	GlobalSection(ExtensibilityGlobals) = postSolution
		SolutionGuid = {D96C6D4D-8A7D-4061-A175-7C074510F4B9}
	EndGlobalSection
EndGlobal
